
Microsoft Visual Studio Solution File, Format Version 12.00
# Visual Studio Version 17
VisualStudioVersion = 17.14.37328.6 d17.14
MinimumVisualStudioVersion = 10.0.40219.1
Project("{FAE04EC0-301F-11D3-BF4B-00C04F79EFBC}") = "Employee_View", "Employee_View.csproj", "{0F67FC4A-671F-4B44-A69B-4F5514D74289}"
EndProject
Global
	GlobalSection(SolutionConfigurationPlatforms) = preSolution
		Debug|Any CPU = Debug|Any CPU
		Release|Any CPU = Release|Any CPU
	EndGlobalSection
	GlobalSection(ProjectConfigurationPlatforms) = postSolution
		{0F67FC4A-671F-4B44-A69B-4F5514D74289}.Debug|Any CPU.ActiveCfg = Debug|Any CPU
		{0F67FC4A-671F-4B44-A69B-4F5514D74289}.Debug|Any CPU.Build.0 = Debug|Any CPU
		{0F67FC4A-671F-4B44-A69B-4F5514D74289}.Release|Any CPU.ActiveCfg = Release|Any CPU
		{0F67FC4A-671F-4B44-A69B-4F5514D74289}.Release|Any CPU.Build.0 = Release|Any CPU
	EndGlobalSection
	GlobalSection(SolutionProperties) = preSolution
		HideSolutionNode = FALSE
	EndGlobalSection
	GlobalSection(ExtensibilityGlobals) = postSolution
		SolutionGuid = {AE3EFBD0-4C09-4D3F-909B-3BE3453E1A40}
	EndGlobalSection
EndGlobal
